
Microsoft Visual Studio Solution File, Format Version 12.00
# Visual Studio Version 16
VisualStudioVersion = 16.0.29009.5
MinimumVisualStudioVersion = 15.0.26124.0
Project("{9A19103F-16F7-4668-BE54-9A1E7A4F7556}") = "SimulaParcela.Dominio", "SimulaParcela.Dominio\SimulaParcela.Dominio.csproj", "{FB727223-E7A7-42A9-B78B-36263448E7B3}"
EndProject
Project("{9A19103F-16F7-4668-BE54-9A1E7A4F7556}") = "SimulaParcela.Repositorio", "SimulaParcela.Repositorio\SimulaParcela.Repositorio.csproj", "{2CBFB2D9-2D09-40F0-BCD0-F5BF349A550B}"
EndProject
Project("{9A19103F-16F7-4668-BE54-9A1E7A4F7556}") = "SimulaParcela.Api", "SimulaParcela.Api\SimulaParcela.Api.csproj", "{AC4EA866-6B38-4168-B8A9-8541401E44BC}"
EndProject
Project("{E24C65DC-7377-472B-9ABA-BC803B73C61A}") = "SimulaParcela.Ui", "SimulaParcela.Ui\", "{A9A9309D-D03B-4DA1-9564-7480214D9521}"
	ProjectSection(WebsiteProperties) = preProject
		TargetFrameworkMoniker = ".NETFramework,Version%3Dv4.0"
		Debug.AspNetCompiler.VirtualPath = "/localhost_51809"
		Debug.AspNetCompiler.PhysicalPath = "SimulaParcela.Ui\"
		Debug.AspNetCompiler.TargetPath = "PrecompiledWeb\localhost_51809\"
		Debug.AspNetCompiler.Updateable = "true"
		Debug.AspNetCompiler.ForceOverwrite = "true"
		Debug.AspNetCompiler.FixedNames = "false"
		Debug.AspNetCompiler.Debug = "True"
		Release.AspNetCompiler.VirtualPath = "/localhost_51809"
		Release.AspNetCompiler.PhysicalPath = "SimulaParcela.Ui\"
		Release.AspNetCompiler.TargetPath = "PrecompiledWeb\localhost_51809\"
		Release.AspNetCompiler.Updateable = "true"
		Release.AspNetCompiler.ForceOverwrite = "true"
		Release.AspNetCompiler.FixedNames = "false"
		Release.AspNetCompiler.Debug = "False"
		VWDPort = "51809"
	EndProjectSection
EndProject
Global
	GlobalSection(SolutionConfigurationPlatforms) = preSolution
		Debug|Any CPU = Debug|Any CPU
		Debug|x64 = Debug|x64
		Debug|x86 = Debug|x86
		Release|Any CPU = Release|Any CPU
		Release|x64 = Release|x64
		Release|x86 = Release|x86
	EndGlobalSection
	GlobalSection(ProjectConfigurationPlatforms) = postSolution
		{FB727223-E7A7-42A9-B78B-36263448E7B3}.Debug|Any CPU.ActiveCfg = Debug|Any CPU
		{FB727223-E7A7-42A9-B78B-36263448E7B3}.Debug|Any CPU.Build.0 = Debug|Any CPU
		{FB727223-E7A7-42A9-B78B-36263448E7B3}.Debug|x64.ActiveCfg = Debug|Any CPU
		{FB727223-E7A7-42A9-B78B-36263448E7B3}.Debug|x64.Build.0 = Debug|Any CPU
		{FB727223-E7A7-42A9-B78B-36263448E7B3}.Debug|x86.ActiveCfg = Debug|Any CPU
		{FB727223-E7A7-42A9-B78B-36263448E7B3}.Debug|x86.Build.0 = Debug|Any CPU
		{FB727223-E7A7-42A9-B78B-36263448E7B3}.Release|Any CPU.ActiveCfg = Release|Any CPU
		{FB727223-E7A7-42A9-B78B-36263448E7B3}.Release|Any CPU.Build.0 = Release|Any CPU
		{FB727223-E7A7-42A9-B78B-36263448E7B3}.Release|x64.ActiveCfg = Release|Any CPU
		{FB727223-E7A7-42A9-B78B-36263448E7B3}.Release|x64.Build.0 = Release|Any CPU
		{FB727223-E7A7-42A9-B78B-36263448E7B3}.Release|x86.ActiveCfg = Release|Any CPU
		{FB727223-E7A7-42A9-B78B-36263448E7B3}.Release|x86.Build.0 = Release|Any CPU
		{2CBFB2D9-2D09-40F0-BCD0-F5BF349A550B}.Debug|Any CPU.ActiveCfg = Debug|Any CPU
		{2CBFB2D9-2D09-40F0-BCD0-F5BF349A550B}.Debug|Any CPU.Build.0 = Debug|Any CPU
		{2CBFB2D9-2D09-40F0-BCD0-F5BF349A550B}.Debug|x64.ActiveCfg = Debug|Any CPU
		{2CBFB2D9-2D09-40F0-BCD0-F5BF349A550B}.Debug|x64.Build.0 = Debug|Any CPU
		{2CBFB2D9-2D09-40F0-BCD0-F5BF349A550B}.Debug|x86.ActiveCfg = Debug|Any CPU
		{2CBFB2D9-2D09-40F0-BCD0-F5BF349A550B}.Debug|x86.Build.0 = Debug|Any CPU
		{2CBFB2D9-2D09-40F0-BCD0-F5BF349A550B}.Release|Any CPU.ActiveCfg = Release|Any CPU
		{2CBFB2D9-2D09-40F0-BCD0-F5BF349A550B}.Release|Any CPU.Build.0 = Release|Any CPU
		{2CBFB2D9-2D09-40F0-BCD0-F5BF349A550B}.Release|x64.ActiveCfg = Release|Any CPU
		{2CBFB2D9-2D09-40F0-BCD0-F5BF349A550B}.Release|x64.Build.0 = Release|Any CPU
		{2CBFB2D9-2D09-40F0-BCD0-F5BF349A550B}.Release|x86.ActiveCfg = Release|Any CPU
		{2CBFB2D9-2D09-40F0-BCD0-F5BF349A550B}.Release|x86.Build.0 = Release|Any CPU
		{AC4EA866-6B38-4168-B8A9-8541401E44BC}.Debug|Any CPU.ActiveCfg = Debug|Any CPU
		{AC4EA866-6B38-4168-B8A9-8541401E44BC}.Debug|Any CPU.Build.0 = Debug|Any CPU
		{AC4EA866-6B38-4168-B8A9-8541401E44BC}.Debug|x64.ActiveCfg = Debug|Any CPU
		{AC4EA866-6B38-4168-B8A9-8541401E44BC}.Debug|x64.Build.0 = Debug|Any CPU
		{AC4EA866-6B38-4168-B8A9-8541401E44BC}.Debug|x86.ActiveCfg = Debug|Any CPU
		{AC4EA866-6B38-4168-B8A9-8541401E44BC}.Debug|x86.Build.0 = Debug|Any CPU
		{AC4EA866-6B38-4168-B8A9-8541401E44BC}.Release|Any CPU.ActiveCfg = Release|Any CPU
		{AC4EA866-6B38-4168-B8A9-8541401E44BC}.Release|Any CPU.Build.0 = Release|Any CPU
		{AC4EA866-6B38-4168-B8A9-8541401E44BC}.Release|x64.ActiveCfg = Release|Any CPU
		{AC4EA866-6B38-4168-B8A9-8541401E44BC}.Release|x64.Build.0 = Release|Any CPU
		{AC4EA866-6B38-4168-B8A9-8541401E44BC}.Release|x86.ActiveCfg = Release|Any CPU
		{AC4EA866-6B38-4168-B8A9-8541401E44BC}.Release|x86.Build.0 = Release|Any CPU
		{A9A9309D-D03B-4DA1-9564-7480214D9521}.Debug|Any CPU.ActiveCfg = Debug|Any CPU
		{A9A9309D-D03B-4DA1-9564-7480214D9521}.Debug|Any CPU.Build.0 = Debug|Any CPU
		{A9A9309D-D03B-4DA1-9564-7480214D9521}.Debug|x64.ActiveCfg = Debug|Any CPU
		{A9A9309D-D03B-4DA1-9564-7480214D9521}.Debug|x64.Build.0 = Debug|Any CPU
		{A9A9309D-D03B-4DA1-9564-7480214D9521}.Debug|x86.ActiveCfg = Debug|Any CPU
		{A9A9309D-D03B-4DA1-9564-7480214D9521}.Debug|x86.Build.0 = Debug|Any CPU
		{A9A9309D-D03B-4DA1-9564-7480214D9521}.Release|Any CPU.ActiveCfg = Debug|Any CPU
		{A9A9309D-D03B-4DA1-9564-7480214D9521}.Release|Any CPU.Build.0 = Debug|Any CPU
		{A9A9309D-D03B-4DA1-9564-7480214D9521}.Release|x64.ActiveCfg = Debug|Any CPU
		{A9A9309D-D03B-4DA1-9564-7480214D9521}.Release|x64.Build.0 = Debug|Any CPU
		{A9A9309D-D03B-4DA1-9564-7480214D9521}.Release|x86.ActiveCfg = Debug|Any CPU
		{A9A9309D-D03B-4DA1-9564-7480214D9521}.Release|x86.Build.0 = Debug|Any CPU
	EndGlobalSection
	GlobalSection(SolutionProperties) = preSolution
		HideSolutionNode = FALSE
	EndGlobalSection
	GlobalSection(ExtensibilityGlobals) = postSolution
		SolutionGuid = {1D87D786-A8E2-442E-879C-79DAF3E75A37}
	EndGlobalSection
EndGlobal
